hash: 200985ec6d0da7a0b16077b41a3d7a7736b16e7f1364110b410a7de959e7c4d2
updated: 2016-10-27T15:08:00.891175559+01:00
imports:
- name: github.com/h2non/gock
  version: 94f351a7b5b664969d46263771db3e834edca0f1
- name: github.com/nbio/st
  version: e9e8d9816f3268def6dcbd2dea03301f40e9de94
testImports: []
